// !$*UTF8*$!
{
	archiveVersion = 1;
	classes = {
	};
	objectVersion = 46;
	objects = {

/* Begin PBXBuildFile section */
		464FDB2B1E5223AB00507202 /* RDDatabaseManager.swift in Sources */ = {isa = PBXBuildFile; fileRef = 464FDB2A1E5223AB00507202 /* RDDatabaseManager.swift */; };
		4688A54D1E536E08003628AB /* RDLocationManager.swift in Sources */ = {isa = PBXBuildFile; fileRef = 4688A54C1E536E08003628AB /* RDLocationManager.swift */; };
		4688A54F1E537A6F003628AB /* RDRestaurant.swift in Sources */ = {isa = PBXBuildFile; fileRef = 4688A54E1E537A6F003628AB /* RDRestaurant.swift */; };
		4688A5511E537EA8003628AB /* RDHTTPRequest.swift in Sources */ = {isa = PBXBuildFile; fileRef = 4688A5501E537EA8003628AB /* RDHTTPRequest.swift */; };
		4688A5531E537EBE003628AB /* RDHTTPResponse.swift in Sources */ = {isa = PBXBuildFile; fileRef = 4688A5521E537EBE003628AB /* RDHTTPResponse.swift */; };
		4688A5551E537EE8003628AB /* RDNetworkManager.swift in Sources */ = {isa = PBXBuildFile; fileRef = 4688A5541E537EE8003628AB /* RDNetworkManager.swift */; };
		4689BA011E54D6A2005DE826 /* RDVenueTableVC.swift in Sources */ = {isa = PBXBuildFile; fileRef = 4689BA001E54D6A2005DE826 /* RDVenueTableVC.swift */; };
		4689BA041E54E0BB005DE826 /* RDVenueCell.swift in Sources */ = {isa = PBXBuildFile; fileRef = 4689BA031E54E0BB005DE826 /* RDVenueCell.swift */; };
		46FD3BE31E51A0D7007E29AC /* AppDelegate.swift in Sources */ = {isa = PBXBuildFile; fileRef = 46FD3BE21E51A0D7007E29AC /* AppDelegate.swift */; };
		46FD3BE51E51A0D7007E29AC /* ViewController.swift in Sources */ = {isa = PBXBuildFile; fileRef = 46FD3BE41E51A0D7007E29AC /* ViewController.swift */; };
		46FD3BE81E51A0D7007E29AC /* Main.storyboard in Resources */ = {isa = PBXBuildFile; fileRef = 46FD3BE61E51A0D7007E29AC /* Main.storyboard */; };
		46FD3BEB1E51A0D7007E29AC /* RestaurantDemo.xcdatamodeld in Sources */ = {isa = PBXBuildFile; fileRef = 46FD3BE91E51A0D7007E29AC /* RestaurantDemo.xcdatamodeld */; };
		46FD3BED1E51A0D7007E29AC /* Assets.xcassets in Resources */ = {isa = PBXBuildFile; fileRef = 46FD3BEC1E51A0D7007E29AC /* Assets.xcassets */; };
		46FD3BF01E51A0D7007E29AC /* LaunchScreen.storyboard in Resources */ = {isa = PBXBuildFile; fileRef = 46FD3BEE1E51A0D7007E29AC /* LaunchScreen.storyboard */; };
		46FD3BFB1E51A0D7007E29AC /* RestaurantDemoTests.swift in Sources */ = {isa = PBXBuildFile; fileRef = 46FD3BFA1E51A0D7007E29AC /* RestaurantDemoTests.swift */; };
		46FD3C061E51A0D7007E29AC /* RestaurantDemoUITests.swift in Sources */ = {isa = PBXBuildFile; fileRef = 46FD3C051E51A0D7007E29AC /* RestaurantDemoUITests.swift */; };
		56F60FC0A506AFC6F91A2CAD /* Pods_RestaurantDemoTests.framework in Frameworks */ = {isa = PBXBuildFile; fileRef = 0C80DB5698308C5CB371273C /* Pods_RestaurantDemoTests.framework */; };
		BF10040A4013033F0EE0E602 /* Pods_RestaurantDemoUITests.framework in Frameworks */ = {isa = PBXBuildFile; fileRef = DD8D1D5DE968A656C48F6269 /* Pods_RestaurantDemoUITests.framework */; };
		D956248D198EDA20A31C4CA2 /* Pods_RestaurantDemo.framework in Frameworks */ = {isa = PBXBuildFile; fileRef = C9B23D8615103C1997939091 /* Pods_RestaurantDemo.framework */; };
/* End PBXBuildFile section */

/* Begin PBXContainerItemProxy section */
		46FD3BF71E51A0D7007E29AC /* PBXContainerItemProxy */ = {
			isa = PBXContainerItemProxy;
			containerPortal = 46FD3BD71E51A0D7007E29AC /* Project object */;
			proxyType = 1;
			remoteGlobalIDString = 46FD3BDE1E51A0D7007E29AC;
			remoteInfo = RestaurantDemo;
		};
		46FD3C021E51A0D7007E29AC /* PBXContainerItemProxy */ = {
			isa = PBXContainerItemProxy;
			containerPortal = 46FD3BD71E51A0D7007E29AC /* Project object */;
			proxyType = 1;
			remoteGlobalIDString = 46FD3BDE1E51A0D7007E29AC;
			remoteInfo = RestaurantDemo;
		};
/* End PBXContainerItemProxy section */

/* Begin PBXCopyFilesBuildPhase section */
		464FDB291E52236C00507202 /* Embed Frameworks */ = {
			isa = PBXCopyFilesBuildPhase;
			buildActionMask = 2147483647;
			dstPath = "";
			dstSubfolderSpec = 10;
			files = (
			);
			name = "Embed Frameworks";
			runOnlyForDeploymentPostprocessing = 0;
		};
/* End PBXCopyFilesBuildPhase section */

/* Begin PBXFileReference section */
		0AE7FE7CCC2C194BAADEFBE4 /* Pods-RestaurantDemo.debug.xcconfig */ = {isa = PBXFileReference; includeInIndex = 1; lastKnownFileType = text.xcconfig; name = "Pods-RestaurantDemo.debug.xcconfig"; path = "Pods/Target Support Files/Pods-RestaurantDemo/Pods-RestaurantDemo.debug.xcconfig"; sourceTree = "<group>"; };
		0C80DB5698308C5CB371273C /* Pods_RestaurantDemoTests.framework */ = {isa = PBXFileReference; explicitFileType = wrapper.framework; includeInIndex = 0; path = Pods_RestaurantDemoTests.framework; sourceTree = BUILT_PRODUCTS_DIR; };
		0F3608CAA8C0A5EA1CF5FBAA /* Pods-RestaurantDemoTests.release.xcconfig */ = {isa = PBXFileReference; includeInIndex = 1; lastKnownFileType = text.xcconfig; name = "Pods-RestaurantDemoTests.release.xcconfig"; path = "Pods/Target Support Files/Pods-RestaurantDemoTests/Pods-RestaurantDemoTests.release.xcconfig"; sourceTree = "<group>"; };
		38B3249D307D388E08ECD322 /* Pods-RestaurantDemoTests.debug.xcconfig */ = {isa = PBXFileReference; includeInIndex = 1; lastKnownFileType = text.xcconfig; name = "Pods-RestaurantDemoTests.debug.xcconfig"; path = "Pods/Target Support Files/Pods-RestaurantDemoTests/Pods-RestaurantDemoTests.debug.xcconfig"; sourceTree = "<group>"; };
		464FDB2A1E5223AB00507202 /* RDDatabaseManager.swift */ = {isa = PBXFileReference; fileEncoding = 4; lastKnownFileType = sourcecode.swift; path = RDDatabaseManager.swift; sourceTree = "<group>"; };
		4688A54C1E536E08003628AB /* RDLocationManager.swift */ = {isa = PBXFileReference; fileEncoding = 4; lastKnownFileType = sourcecode.swift; path = RDLocationManager.swift; sourceTree = "<group>"; };
		4688A54E1E537A6F003628AB /* RDRestaurant.swift */ = {isa = PBXFileReference; fileEncoding = 4; lastKnownFileType = sourcecode.swift; path = RDRestaurant.swift; sourceTree = "<group>"; };
		4688A5501E537EA8003628AB /* RDHTTPRequest.swift */ = {isa = PBXFileReference; fileEncoding = 4; lastKnownFileType = sourcecode.swift; path = RDHTTPRequest.swift; sourceTree = "<group>"; };
		4688A5521E537EBE003628AB /* RDHTTPResponse.swift */ = {isa = PBXFileReference; fileEncoding = 4; lastKnownFileType = sourcecode.swift; path = RDHTTPResponse.swift; sourceTree = "<group>"; };
		4688A5541E537EE8003628AB /* RDNetworkManager.swift */ = {isa = PBXFileReference; fileEncoding = 4; lastKnownFileType = sourcecode.swift; path = RDNetworkManager.swift; sourceTree = "<group>"; };
		4689BA001E54D6A2005DE826 /* RDVenueTableVC.swift */ = {isa = PBXFileReference; fileEncoding = 4; lastKnownFileType = sourcecode.swift; path = RDVenueTableVC.swift; sourceTree = "<group>"; };
		4689BA031E54E0BB005DE826 /* RDVenueCell.swift */ = {isa = PBXFileReference; fileEncoding = 4; lastKnownFileType = sourcecode.swift; path = RDVenueCell.swift; sourceTree = "<group>"; };
		46FD3BDF1E51A0D7007E29AC /* RestaurantDemo.app */ = {isa = PBXFileReference; explicitFileType = wrapper.application; includeInIndex = 0; path = RestaurantDemo.app; sourceTree = BUILT_PRODUCTS_DIR; };
		46FD3BE21E51A0D7007E29AC /* AppDelegate.swift */ = {isa = PBXFileReference; lastKnownFileType = sourcecode.swift; path = AppDelegate.swift; sourceTree = "<group>"; };
		46FD3BE41E51A0D7007E29AC /* ViewController.swift */ = {isa = PBXFileReference; lastKnownFileType = sourcecode.swift; path = ViewController.swift; sourceTree = "<group>"; };
		46FD3BE71E51A0D7007E29AC /* Base */ = {isa = PBXFileReference; lastKnownFileType = file.storyboard; name = Base; path = Base.lproj/Main.storyboard; sourceTree = "<group>"; };
		46FD3BEA1E51A0D7007E29AC /* RestaurantDemo.xcdatamodel */ = {isa = PBXFileReference; lastKnownFileType = wrapper.xcdatamodel; path = RestaurantDemo.xcdatamodel; sourceTree = "<group>"; };
		46FD3BEC1E51A0D7007E29AC /* Assets.xcassets */ = {isa = PBXFileReference; lastKnownFileType = folder.assetcatalog; path = Assets.xcassets; sourceTree = "<group>"; };
		46FD3BEF1E51A0D7007E29AC /* Base */ = {isa = PBXFileReference; lastKnownFileType = file.storyboard; name = Base; path = Base.lproj/LaunchScreen.storyboard; sourceTree = "<group>"; };
		46FD3BF11E51A0D7007E29AC /* Info.plist */ = {isa = PBXFileReference; lastKnownFileType = text.plist.xml; path = Info.plist; sourceTree = "<group>"; };
		46FD3BF61E51A0D7007E29AC /* RestaurantDemoTests.xctest */ = {isa = PBXFileReference; explicitFileType = wrapper.cfbundle; includeInIndex = 0; path = RestaurantDemoTests.xctest; sourceTree = BUILT_PRODUCTS_DIR; };
		46FD3BFA1E51A0D7007E29AC /* RestaurantDemoTests.swift */ = {isa = PBXFileReference; lastKnownFileType = sourcecode.swift; path = RestaurantDemoTests.swift; sourceTree = "<group>"; };
		46FD3BFC1E51A0D7007E29AC /* Info.plist */ = {isa = PBXFileReference; lastKnownFileType = text.plist.xml; path = Info.plist; sourceTree = "<group>"; };
		46FD3C011E51A0D7007E29AC /* RestaurantDemoUITests.xctest */ = {isa = PBXFileReference; explicitFileType = wrapper.cfbundle; includeInIndex = 0; path = RestaurantDemoUITests.xctest; sourceTree = BUILT_PRODUCTS_DIR; };
		46FD3C051E51A0D7007E29AC /* RestaurantDemoUITests.swift */ = {isa = PBXFileReference; lastKnownFileType = sourcecode.swift; path = RestaurantDemoUITests.swift; sourceTree = "<group>"; };
		46FD3C071E51A0D7007E29AC /* Info.plist */ = {isa = PBXFileReference; lastKnownFileType = text.plist.xml; path = Info.plist; sourceTree = "<group>"; };
		917CA691B27B5E7A7DC07285 /* Pods-RestaurantDemo.release.xcconfig */ = {isa = PBXFileReference; includeInIndex = 1; lastKnownFileType = text.xcconfig; name = "Pods-RestaurantDemo.release.xcconfig"; path = "Pods/Target Support Files/Pods-RestaurantDemo/Pods-RestaurantDemo.release.xcconfig"; sourceTree = "<group>"; };
		C9B23D8615103C1997939091 /* Pods_RestaurantDemo.framework */ = {isa = PBXFileReference; explicitFileType = wrapper.framework; includeInIndex = 0; path = Pods_RestaurantDemo.framework; sourceTree = BUILT_PRODUCTS_DIR; };
		D3A89EB87E0A0B6ABB85696D /* Pods-RestaurantDemoUITests.release.xcconfig */ = {isa = PBXFileReference; includeInIndex = 1; lastKnownFileType = text.xcconfig; name = "Pods-RestaurantDemoUITests.release.xcconfig"; path = "Pods/Target Support Files/Pods-RestaurantDemoUITests/Pods-RestaurantDemoUITests.release.xcconfig"; sourceTree = "<group>"; };
		DD8D1D5DE968A656C48F6269 /* Pods_RestaurantDemoUITests.framework */ = {isa = PBXFileReference; explicitFileType = wrapper.framework; includeInIndex = 0; path = Pods_RestaurantDemoUITests.framework; sourceTree = BUILT_PRODUCTS_DIR; };
		FD6D8616C2A5D41CDE9D8B43 /* Pods-RestaurantDemoUITests.debug.xcconfig */ = {isa = PBXFileReference; includeInIndex = 1; lastKnownFileType = text.xcconfig; name = "Pods-RestaurantDemoUITests.debug.xcconfig"; path = "Pods/Target Support Files/Pods-RestaurantDemoUITests/Pods-RestaurantDemoUITests.debug.xcconfig"; sourceTree = "<group>"; };
/* End PBXFileReference section */

/* Begin PBXFrameworksBuildPhase section */
		46FD3BDC1E51A0D7007E29AC /* Frameworks */ = {
			isa = PBXFrameworksBuildPhase;
			buildActionMask = 2147483647;
			files = (
				D956248D198EDA20A31C4CA2 /* Pods_RestaurantDemo.framework in Frameworks */,
			);
			runOnlyForDeploymentPostprocessing = 0;
		};
		46FD3BF31E51A0D7007E29AC /* Frameworks */ = {
			isa = PBXFrameworksBuildPhase;
			buildActionMask = 2147483647;
			files = (
				56F60FC0A506AFC6F91A2CAD /* Pods_RestaurantDemoTests.framework in Frameworks */,
			);
			runOnlyForDeploymentPostprocessing = 0;
		};
		46FD3BFE1E51A0D7007E29AC /* Frameworks */ = {
			isa = PBXFrameworksBuildPhase;
			buildActionMask = 2147483647;
			files = (
				BF10040A4013033F0EE0E602 /* Pods_RestaurantDemoUITests.framework in Frameworks */,
			);
			runOnlyForDeploymentPostprocessing = 0;
		};
/* End PBXFrameworksBuildPhase section */

/* Begin PBXGroup section */
		4613B0D01E541E200094F09D /* RDDatabase */ = {
			isa = PBXGroup;
			children = (
				46FD3BE91E51A0D7007E29AC /* RestaurantDemo.xcdatamodeld */,
				464FDB2A1E5223AB00507202 /* RDDatabaseManager.swift */,
			);
			name = RDDatabase;
			sourceTree = "<group>";
		};
		4613B0D11E541E3A0094F09D /* RDViewControllers */ = {
			isa = PBXGroup;
			children = (
				46FD3BE41E51A0D7007E29AC /* ViewController.swift */,
				4688A54C1E536E08003628AB /* RDLocationManager.swift */,
				4689BA001E54D6A2005DE826 /* RDVenueTableVC.swift */,
			);
			name = RDViewControllers;
			sourceTree = "<group>";
		};
		4688A5561E538152003628AB /* RDNetworkManager */ = {
			isa = PBXGroup;
			children = (
				4688A5541E537EE8003628AB /* RDNetworkManager.swift */,
				4688A5501E537EA8003628AB /* RDHTTPRequest.swift */,
				4688A5521E537EBE003628AB /* RDHTTPResponse.swift */,
			);
			name = RDNetworkManager;
			sourceTree = "<group>";
		};
		4688A5571E53818E003628AB /* RDRestaurant */ = {
			isa = PBXGroup;
			children = (
				4688A54E1E537A6F003628AB /* RDRestaurant.swift */,
			);
			name = RDRestaurant;
			sourceTree = "<group>";
		};
		4689BA021E54E087005DE826 /* RDTableCells */ = {
			isa = PBXGroup;
			children = (
				4689BA031E54E0BB005DE826 /* RDVenueCell.swift */,
			);
			name = RDTableCells;
			sourceTree = "<group>";
		};
		46FD3BD61E51A0D7007E29AC = {
			isa = PBXGroup;
			children = (
				46FD3BE11E51A0D7007E29AC /* RestaurantDemo */,
				46FD3BF91E51A0D7007E29AC /* RestaurantDemoTests */,
				46FD3C041E51A0D7007E29AC /* RestaurantDemoUITests */,
				46FD3BE01E51A0D7007E29AC /* Products */,
				C8939B887E27A8E7DB49E160 /* Pods */,
				C342217811E413DF2D5D1EE6 /* Frameworks */,
			);
			sourceTree = "<group>";
		};
		46FD3BE01E51A0D7007E29AC /* Products */ = {
			isa = PBXGroup;
			children = (
				46FD3BDF1E51A0D7007E29AC /* RestaurantDemo.app */,
				46FD3BF61E51A0D7007E29AC /* RestaurantDemoTests.xctest */,
				46FD3C011E51A0D7007E29AC /* RestaurantDemoUITests.xctest */,
			);
			name = Products;
			sourceTree = "<group>";
		};
		46FD3BE11E51A0D7007E29AC /* RestaurantDemo */ = {
			isa = PBXGroup;
			children = (
				46FD3BE21E51A0D7007E29AC /* AppDelegate.swift */,
				46FD3BE61E51A0D7007E29AC /* Main.storyboard */,
				46FD3BEC1E51A0D7007E29AC /* Assets.xcassets */,
				46FD3BEE1E51A0D7007E29AC /* LaunchScreen.storyboard */,
				46FD3BF11E51A0D7007E29AC /* Info.plist */,
				4689BA021E54E087005DE826 /* RDTableCells */,
				4613B0D11E541E3A0094F09D /* RDViewControllers */,
				4613B0D01E541E200094F09D /* RDDatabase */,
				4688A5571E53818E003628AB /* RDRestaurant */,
				4688A5561E538152003628AB /* RDNetworkManager */,
			);
			path = RestaurantDemo;
			sourceTree = "<group>";
		};
		46FD3BF91E51A0D7007E29AC /* RestaurantDemoTests */ = {
			isa = PBXGroup;
			children = (
				46FD3BFA1E51A0D7007E29AC /* RestaurantDemoTests.swift */,
				46FD3BFC1E51A0D7007E29AC /* Info.plist */,
			);
			path = RestaurantDemoTests;
			sourceTree = "<group>";
		};
		46FD3C041E51A0D7007E29AC /* RestaurantDemoUITests */ = {
			isa = PBXGroup;
			children = (
				46FD3C051E51A0D7007E29AC /* RestaurantDemoUITests.swift */,
				46FD3C071E51A0D7007E29AC /* Info.plist */,
			);
			path = RestaurantDemoUITests;
			sourceTree = "<group>";
		};
		C342217811E413DF2D5D1EE6 /* Frameworks */ = {
			isa = PBXGroup;
			children = (
				C9B23D8615103C1997939091 /* Pods_RestaurantDemo.framework */,
				0C80DB5698308C5CB371273C /* Pods_RestaurantDemoTests.framework */,
				DD8D1D5DE968A656C48F6269 /* Pods_RestaurantDemoUITests.framework */,
			);
			name = Frameworks;
			sourceTree = "<group>";
		};
		C8939B887E27A8E7DB49E160 /* Pods */ = {
			isa = PBXGroup;
			children = (
				0AE7FE7CCC2C194BAADEFBE4 /* Pods-RestaurantDemo.debug.xcconfig */,
				917CA691B27B5E7A7DC07285 /* Pods-RestaurantDemo.release.xcconfig */,
				38B3249D307D388E08ECD322 /* Pods-RestaurantDemoTests.debug.xcconfig */,
				0F3608CAA8C0A5EA1CF5FBAA /* Pods-RestaurantDemoTests.release.xcconfig */,
				FD6D8616C2A5D41CDE9D8B43 /* Pods-RestaurantDemoUITests.debug.xcconfig */,
				D3A89EB87E0A0B6ABB85696D /* Pods-RestaurantDemoUITests.release.xcconfig */,
			);
			name = Pods;
			sourceTree = "<group>";
		};
/* End PBXGroup section */

/* Begin PBXNativeTarget section */
		46FD3BDE1E51A0D7007E29AC /* RestaurantDemo */ = {
			isa = PBXNativeTarget;
			buildConfigurationList = 46FD3C0A1E51A0D8007E29AC /* Build configuration list for PBXNativeTarget "RestaurantDemo" */;
			buildPhases = (
				57D7127FF72E48DA4E845649 /* [CP] Check Pods Manifest.lock */,
				46FD3BDB1E51A0D7007E29AC /* Sources */,
				46FD3BDC1E51A0D7007E29AC /* Frameworks */,
				46FD3BDD1E51A0D7007E29AC /* Resources */,
				464FDB291E52236C00507202 /* Embed Frameworks */,
				2E0B132294D77CD80ABFD9FD /* [CP] Embed Pods Frameworks */,
				DDD8AAD278FD82E2EE6C5619 /* [CP] Copy Pods Resources */,
			);
			buildRules = (
			);
			dependencies = (
			);
			name = RestaurantDemo;
			productName = RestaurantDemo;
			productReference = 46FD3BDF1E51A0D7007E29AC /* RestaurantDemo.app */;
			productType = "com.apple.product-type.application";
		};
		46FD3BF51E51A0D7007E29AC /* RestaurantDemoTests */ = {
			isa = PBXNativeTarget;
			buildConfigurationList = 46FD3C0D1E51A0D8007E29AC /* Build configuration list for PBXNativeTarget "RestaurantDemoTests" */;
			buildPhases = (
				639A5534EA7DEECBA3ECD1E9 /* [CP] Check Pods Manifest.lock */,
				46FD3BF21E51A0D7007E29AC /* Sources */,
				46FD3BF31E51A0D7007E29AC /* Frameworks */,
				46FD3BF41E51A0D7007E29AC /* Resources */,
				D0FB004E107F216C82B79DB1 /* [CP] Embed Pods Frameworks */,
				D031693885358CDD57793DE6 /* [CP] Copy Pods Resources */,
			);
			buildRules = (
			);
			dependencies = (
				46FD3BF81E51A0D7007E29AC /* PBXTargetDependency */,
			);
			name = RestaurantDemoTests;
			productName = RestaurantDemoTests;
			productReference = 46FD3BF61E51A0D7007E29AC /* RestaurantDemoTests.xctest */;
			productType = "com.apple.product-type.bundle.unit-test";
		};
		46FD3C001E51A0D7007E29AC /* RestaurantDemoUITests */ = {
			isa = PBXNativeTarget;
			buildConfigurationList = 46FD3C101E51A0D8007E29AC /* Build configuration list for PBXNativeTarget "RestaurantDemoUITests" */;
			buildPhases = (
				F5C558D02ABB31FFA5BF4EBB /* [CP] Check Pods Manifest.lock */,
				46FD3BFD1E51A0D7007E29AC /* Sources */,
				46FD3BFE1E51A0D7007E29AC /* Frameworks */,
				46FD3BFF1E51A0D7007E29AC /* Resources */,
				956E1C393609360DE5851F2C /* [CP] Embed Pods Frameworks */,
				F3B2CCF88B6ECDF8F1705DE9 /* [CP] Copy Pods Resources */,
			);
			buildRules = (
			);
			dependencies = (
				46FD3C031E51A0D7007E29AC /* PBXTargetDependency */,
			);
			name = RestaurantDemoUITests;
			productName = RestaurantDemoUITests;
			productReference = 46FD3C011E51A0D7007E29AC /* RestaurantDemoUITests.xctest */;
			productType = "com.apple.product-type.bundle.ui-testing";
		};
/* End PBXNativeTarget section */

/* Begin PBXProject section */
		46FD3BD71E51A0D7007E29AC /* Project object */ = {
			isa = PBXProject;
			attributes = {
				LastSwiftUpdateCheck = 0820;
				LastUpgradeCheck = 0820;
				ORGANIZATIONNAME = "Abhishek Thapliyal";
				TargetAttributes = {
					46FD3BDE1E51A0D7007E29AC = {
						CreatedOnToolsVersion = 8.2.1;
						ProvisioningStyle = Manual;
					};
					46FD3BF51E51A0D7007E29AC = {
						CreatedOnToolsVersion = 8.2.1;
						ProvisioningStyle = Automatic;
						TestTargetID = 46FD3BDE1E51A0D7007E29AC;
					};
					46FD3C001E51A0D7007E29AC = {
						CreatedOnToolsVersion = 8.2.1;
						ProvisioningStyle = Automatic;
						TestTargetID = 46FD3BDE1E51A0D7007E29AC;
					};
				};
			};
			buildConfigurationList = 46FD3BDA1E51A0D7007E29AC /* Build configuration list for PBXProject "RestaurantDemo" */;
			compatibilityVersion = "Xcode 3.2";
			developmentRegion = English;
			hasScannedForEncodings = 0;
			knownRegions = (
				en,
				Base,
			);
			mainGroup = 46FD3BD61E51A0D7007E29AC;
			productRefGroup = 46FD3BE01E51A0D7007E29AC /* Products */;
			projectDirPath = "";
			projectRoot = "";
			targets = (
				46FD3BDE1E51A0D7007E29AC /* RestaurantDemo */,
				46FD3BF51E51A0D7007E29AC /* RestaurantDemoTests */,
				46FD3C001E51A0D7007E29AC /* RestaurantDemoUITests */,
			);
		};
/* End PBXProject section */

/* Begin PBXResourcesBuildPhase section */
		46FD3BDD1E51A0D7007E29AC /* Resources */ = {
			isa = PBXResourcesBuildPhase;
			buildActionMask = 2147483647;
			files = (
				46FD3BF01E51A0D7007E29AC /* LaunchScreen.storyboard in Resources */,
				46FD3BED1E51A0D7007E29AC /* Assets.xcassets in Resources */,
				46FD3BE81E51A0D7007E29AC /* Main.storyboard in Resources */,
			);
			runOnlyForDeploymentPostprocessing = 0;
		};
		46FD3BF41E51A0D7007E29AC /* Resources */ = {
			isa = PBXResourcesBuildPhase;
			buildActionMask = 2147483647;
			files = (
			);
			runOnlyForDeploymentPostprocessing = 0;
		};
		46FD3BFF1E51A0D7007E29AC /* Resources */ = {
			isa = PBXResourcesBuildPhase;
			buildActionMask = 2147483647;
			files = (
			);
			runOnlyForDeploymentPostprocessing = 0;
		};
/* End PBXResourcesBuildPhase section */

/* Begin PBXShellScriptBuildPhase section */
		2E0B132294D77CD80ABFD9FD /* [CP] Embed Pods Frameworks */ = {
			isa = PBXShellScriptBuildPhase;
			buildActionMask = 2147483647;
			files = (
			);
			inputPaths = (
			);
			name = "[CP] Embed Pods Frameworks";
			outputPaths = (
			);
			runOnlyForDeploymentPostprocessing = 0;
			shellPath = /bin/sh;
			shellScript = "\"${SRCROOT}/Pods/Target Support Files/Pods-RestaurantDemo/Pods-RestaurantDemo-frameworks.sh\"\n";
			showEnvVarsInLog = 0;
		};
		57D7127FF72E48DA4E845649 /* [CP] Check Pods Manifest.lock */ = {
			isa = PBXShellScriptBuildPhase;
			buildActionMask = 2147483647;
			files = (
			);
			inputPaths = (
			);
			name = "[CP] Check Pods Manifest.lock";
			outputPaths = (
			);
			runOnlyForDeploymentPostprocessing = 0;
			shellPath = /bin/sh;
			shellScript = "diff \"${PODS_ROOT}/../Podfile.lock\" \"${PODS_ROOT}/Manifest.lock\" > /dev/null\nif [ $? != 0 ] ; then\n    # print error to STDERR\n    echo \"error: The sandbox is not in sync with the Podfile.lock. Run 'pod install' or update your CocoaPods installation.\" >&2\n    exit 1\nfi\n";
			showEnvVarsInLog = 0;
		};
		639A5534EA7DEECBA3ECD1E9 /* [CP] Check Pods Manifest.lock */ = {
			isa = PBXShellScriptBuildPhase;
			buildActionMask = 2147483647;
			files = (
			);
			inputPaths = (
			);
			name = "[CP] Check Pods Manifest.lock";
			outputPaths = (
			);
			runOnlyForDeploymentPostprocessing = 0;
			shellPath = /bin/sh;
			shellScript = "diff \"${PODS_ROOT}/../Podfile.lock\" \"${PODS_ROOT}/Manifest.lock\" > /dev/null\nif [ $? != 0 ] ; then\n    # print error to STDERR\n    echo \"error: The sandbox is not in sync with the Podfile.lock. Run 'pod install' or update your CocoaPods installation.\" >&2\n    exit 1\nfi\n";
			showEnvVarsInLog = 0;
		};
		956E1C393609360DE5851F2C /* [CP] Embed Pods Frameworks */ = {
			isa = PBXShellScriptBuildPhase;
			buildActionMask = 2147483647;
			files = (
			);
			inputPaths = (
			);
			name = "[CP] Embed Pods Frameworks";
			outputPaths = (
			);
			runOnlyForDeploymentPostprocessing = 0;
			shellPath = /bin/sh;
			shellScript = "\"${SRCROOT}/Pods/Target Support Files/Pods-RestaurantDemoUITests/Pods-RestaurantDemoUITests-frameworks.sh\"\n";
			showEnvVarsInLog = 0;
		};
		D031693885358CDD57793DE6 /* [CP] Copy Pods Resources */ = {
			isa = PBXShellScriptBuildPhase;
			buildActionMask = 2147483647;
			files = (
			);
			inputPaths = (
			);
			name = "[CP] Copy Pods Resources";
			outputPaths = (
			);
			runOnlyForDeploymentPostprocessing = 0;
			shellPath = /bin/sh;
			shellScript = "\"${SRCROOT}/Pods/Target Support Files/Pods-RestaurantDemoTests/Pods-RestaurantDemoTests-resources.sh\"\n";
			showEnvVarsInLog = 0;
		};
		D0FB004E107F216C82B79DB1 /* [CP] Embed Pods Frameworks */ = {
			isa = PBXShellScriptBuildPhase;
			buildActionMask = 2147483647;
			files = (
			);
			inputPaths = (
			);
			name = "[CP] Embed Pods Frameworks";
			outputPaths = (
			);
			runOnlyForDeploymentPostprocessing = 0;
			shellPath = /bin/sh;
			shellScript = "\"${SRCROOT}/Pods/Target Support Files/Pods-RestaurantDemoTests/Pods-RestaurantDemoTests-frameworks.sh\"\n";
			showEnvVarsInLog = 0;
		};
		DDD8AAD278FD82E2EE6C5619 /* [CP] Copy Pods Resources */ = {
			isa = PBXShellScriptBuildPhase;
			buildActionMask = 2147483647;
			files = (
			);
			inputPaths = (
			);
			name = "[CP] Copy Pods Resources";
			outputPaths = (
			);
			runOnlyForDeploymentPostprocessing = 0;
			shellPath = /bin/sh;
			shellScript = "\"${SRCROOT}/Pods/Target Support Files/Pods-RestaurantDemo/Pods-RestaurantDemo-resources.sh\"\n";
			showEnvVarsInLog = 0;
		};
		F3B2CCF88B6ECDF8F1705DE9 /* [CP] Copy Pods Resources */ = {
			isa = PBXShellScriptBuildPhase;
			buildActionMask = 2147483647;
			files = (
			);
			inputPaths = (
			);
			name = "[CP] Copy Pods Resources";
			outputPaths = (
			);
			runOnlyForDeploymentPostprocessing = 0;
			shellPath = /bin/sh;
			shellScript = "\"${SRCROOT}/Pods/Target Support Files/Pods-RestaurantDemoUITests/Pods-RestaurantDemoUITests-resources.sh\"\n";
			showEnvVarsInLog = 0;
		};
		F5C558D02ABB31FFA5BF4EBB /* [CP] Check Pods Manifest.lock */ = {
			isa = PBXShellScriptBuildPhase;
			buildActionMask = 2147483647;
			files = (
			);
			inputPaths = (
			);
			name = "[CP] Check Pods Manifest.lock";
			outputPaths = (
			);
			runOnlyForDeploymentPostprocessing = 0;
			shellPath = /bin/sh;
			shellScript = "diff \"${PODS_ROOT}/../Podfile.lock\" \"${PODS_ROOT}/Manifest.lock\" > /dev/null\nif [ $? != 0 ] ; then\n    # print error to STDERR\n    echo \"error: The sandbox is not in sync with the Podfile.lock. Run 'pod install' or update your CocoaPods installation.\" >&2\n    exit 1\nfi\n";
			showEnvVarsInLog = 0;
		};
/* End PBXShellScriptBuildPhase section */

/* Begin PBXSourcesBuildPhase section */
		46FD3BDB1E51A0D7007E29AC /* Sources */ = {
			isa = PBXSourcesBuildPhase;
			buildActionMask = 2147483647;
			files = (
				4688A5551E537EE8003628AB /* RDNetworkManager.swift in Sources */,
				464FDB2B1E5223AB00507202 /* RDDatabaseManager.swift in Sources */,
				46FD3BE51E51A0D7007E29AC /* ViewController.swift in Sources */,
				4689BA011E54D6A2005DE826 /* RDVenueTableVC.swift in Sources */,
				4688A5511E537EA8003628AB /* RDHTTPRequest.swift in Sources */,
				4688A54F1E537A6F003628AB /* RDRestaurant.swift in Sources */,
				4688A5531E537EBE003628AB /* RDHTTPResponse.swift in Sources */,
				46FD3BEB1E51A0D7007E29AC /* RestaurantDemo.xcdatamodeld in Sources */,
				4689BA041E54E0BB005DE826 /* RDVenueCell.swift in Sources */,
				4688A54D1E536E08003628AB /* RDLocationManager.swift in Sources */,
				46FD3BE31E51A0D7007E29AC /* AppDelegate.swift in Sources */,
			);
			runOnlyForDeploymentPostprocessing = 0;
		};
		46FD3BF21E51A0D7007E29AC /* Sources */ = {
			isa = PBXSourcesBuildPhase;
			buildActionMask = 2147483647;
			files = (
				46FD3BFB1E51A0D7007E29AC /* RestaurantDemoTests.swift in Sources */,
			);
			runOnlyForDeploymentPostprocessing = 0;
		};
		46FD3BFD1E51A0D7007E29AC /* Sources */ = {
			isa = PBXSourcesBuildPhase;
			buildActionMask = 2147483647;
			files = (
				46FD3C061E51A0D7007E29AC /* RestaurantDemoUITests.swift in Sources */,
			);
			runOnlyForDeploymentPostprocessing = 0;
		};
/* End PBXSourcesBuildPhase section */

/* Begin PBXTargetDependency section */
		46FD3BF81E51A0D7007E29AC /* PBXTargetDependency */ = {
			isa = PBXTargetDependency;
			target = 46FD3BDE1E51A0D7007E29AC /* RestaurantDemo */;
			targetProxy = 46FD3BF71E51A0D7007E29AC /* PBXContainerItemProxy */;
		};
		46FD3C031E51A0D7007E29AC /* PBXTargetDependency */ = {
			isa = PBXTargetDependency;
			target = 46FD3BDE1E51A0D7007E29AC /* RestaurantDemo */;
			targetProxy = 46FD3C021E51A0D7007E29AC /* PBXContainerItemProxy */;
		};
/* End PBXTargetDependency section */

/* Begin PBXVariantGroup section */
		46FD3BE61E51A0D7007E29AC /* Main.storyboard */ = {
			isa = PBXVariantGroup;
			children = (
				46FD3BE71E51A0D7007E29AC /* Base */,
			);
			name = Main.storyboard;
			sourceTree = "<group>";
		};
		46FD3BEE1E51A0D7007E29AC /* LaunchScreen.storyboard */ = {
			isa = PBXVariantGroup;
			children = (
				46FD3BEF1E51A0D7007E29AC /* Base */,
			);
			name = LaunchScreen.storyboard;
			sourceTree = "<group>";
		};
/* End PBXVariantGroup section */

/* Begin XCBuildConfiguration section */
		46FD3C081E51A0D7007E29AC /* Debug */ = {
			isa = XCBuildConfiguration;
			buildSettings = {
				ALWAYS_SEARCH_USER_PATHS = NO;
				CLANG_ANALYZER_NONNULL = YES;
				CLANG_CXX_LANGUAGE_STANDARD = "gnu++0x";
				CLANG_CXX_LIBRARY = "libc++";
				CLANG_ENABLE_MODULES = YES;
				CLANG_ENABLE_OBJC_ARC = YES;
				CLANG_WARN_BOOL_CONVERSION = YES;
				CLANG_WARN_CONSTANT_CONVERSION = YES;
				CLANG_WARN_DIRECT_OBJC_ISA_USAGE = YES_ERROR;
				CLANG_WARN_DOCUMENTATION_COMMENTS = YES;
				CLANG_WARN_EMPTY_BODY = YES;
				CLANG_WARN_ENUM_CONVERSION = YES;
				CLANG_WARN_INFINITE_RECURSION = YES;
				CLANG_WARN_INT_CONVERSION = YES;
				CLANG_WARN_OBJC_ROOT_CLASS = YES_ERROR;
				CLANG_WARN_SUSPICIOUS_MOVE = YES;
				CLANG_WARN_UNREACHABLE_CODE = YES;
				CLANG_WARN__DUPLICATE_METHOD_MATCH = YES;
				"CODE_SIGN_IDENTITY[sdk=iphoneos*]" = "iPhone Developer";
				COPY_PHASE_STRIP = NO;
				DEBUG_INFORMATION_FORMAT = dwarf;
				ENABLE_STRICT_OBJC_MSGSEND = YES;
				ENABLE_TESTABILITY = YES;
				GCC_C_LANGUAGE_STANDARD = gnu99;
				GCC_DYNAMIC_NO_PIC = NO;
				GCC_NO_COMMON_BLOCKS = YES;
				GCC_OPTIMIZATION_LEVEL = 0;
				GCC_PREPROCESSOR_DEFINITIONS = (
					"DEBUG=1",
					"$(inherited)",
				);
				GCC_WARN_64_TO_32_BIT_CONVERSION = YES;
				GCC_WARN_ABOUT_RETURN_TYPE = YES_ERROR;
				GCC_WARN_UNDECLARED_SELECTOR = YES;
				GCC_WARN_UNINITIALIZED_AUTOS = YES_AGGRESSIVE;
				GCC_WARN_UNUSED_FUNCTION = YES;
				GCC_WARN_UNUSED_VARIABLE = YES;
				IPHONEOS_DEPLOYMENT_TARGET = 10.2;
				MTL_ENABLE_DEBUG_INFO = YES;
				ONLY_ACTIVE_ARCH = YES;
				SDKROOT = iphoneos;
				SWIFT_ACTIVE_COMPILATION_CONDITIONS = DEBUG;
				SWIFT_OPTIMIZATION_LEVEL = "-Onone";
				TARGETED_DEVICE_FAMILY = "1,2";
			};
			name = Debug;
		};
		46FD3C091E51A0D7007E29AC /* Release */ = {
			isa = XCBuildConfiguration;
			buildSettings = {
				ALWAYS_SEARCH_USER_PATHS = NO;
				CLANG_ANALYZER_NONNULL = YES;
				CLANG_CXX_LANGUAGE_STANDARD = "gnu++0x";
				CLANG_CXX_LIBRARY = "libc++";
				CLANG_ENABLE_MODULES = YES;
				CLANG_ENABLE_OBJC_ARC = YES;
				CLANG_WARN_BOOL_CONVERSION = YES;
				CLANG_WARN_CONSTANT_CONVERSION = YES;
				CLANG_WARN_DIRECT_OBJC_ISA_USAGE = YES_ERROR;
				CLANG_WARN_DOCUMENTATION_COMMENTS = YES;
				CLANG_WARN_EMPTY_BODY = YES;
				CLANG_WARN_ENUM_CONVERSION = YES;
				CLANG_WARN_INFINITE_RECURSION = YES;
				CLANG_WARN_INT_CONVERSION = YES;
				CLANG_WARN_OBJC_ROOT_CLASS = YES_ERROR;
				CLANG_WARN_SUSPICIOUS_MOVE = YES;
				CLANG_WARN_UNREACHABLE_CODE = YES;
				CLANG_WARN__DUPLICATE_METHOD_MATCH = YES;
				"CODE_SIGN_IDENTITY[sdk=iphoneos*]" = "iPhone Developer";
				COPY_PHASE_STRIP = NO;
				DEBUG_INFORMATION_FORMAT = "dwarf-with-dsym";
				ENABLE_NS_ASSERTIONS = NO;
				ENABLE_STRICT_OBJC_MSGSEND = YES;
				GCC_C_LANGUAGE_STANDARD = gnu99;
				GCC_NO_COMMON_BLOCKS = YES;
				GCC_WARN_64_TO_32_BIT_CONVERSION = YES;
				GCC_WARN_ABOUT_RETURN_TYPE = YES_ERROR;
				GCC_WARN_UNDECLARED_SELECTOR = YES;
				GCC_WARN_UNINITIALIZED_AUTOS = YES_AGGRESSIVE;
				GCC_WARN_UNUSED_FUNCTION = YES;
				GCC_WARN_UNUSED_VARIABLE = YES;
				IPHONEOS_DEPLOYMENT_TARGET = 10.2;
				MTL_ENABLE_DEBUG_INFO = NO;
				SDKROOT = iphoneos;
				SWIFT_OPTIMIZATION_LEVEL = "-Owholemodule";
				TARGETED_DEVICE_FAMILY = "1,2";
				VALIDATE_PRODUCT = YES;
			};
			name = Release;
		};
		46FD3C0B1E51A0D8007E29AC /* Debug */ = {
			isa = XCBuildConfiguration;
			baseConfigurationReference = 0AE7FE7CCC2C194BAADEFBE4 /* Pods-RestaurantDemo.debug.xcconfig */;
			buildSettings = {
				ASSETCATALOG_COMPILER_APPICON_NAME = AppIcon;
				DEVELOPMENT_TEAM = "";
				FRAMEWORK_SEARCH_PATHS = (
					"$(inherited)",
					"$(PROJECT_DIR)",
				);
				INFOPLIST_FILE = RestaurantDemo/Info.plist;
				LD_RUNPATH_SEARCH_PATHS = "$(inherited) @executable_path/Frameworks";
				PRODUCT_BUNDLE_IDENTIFIER = Marvel.RestaurantDemo;
				PRODUCT_NAME = "$(TARGET_NAME)";
				SWIFT_VERSION = 3.0;
			};
			name = Debug;
		};
		46FD3C0C1E51A0D8007E29AC /* Release */ = {
			isa = XCBuildConfiguration;
			baseConfigurationReference = 917CA691B27B5E7A7DC07285 /* Pods-RestaurantDemo.release.xcconfig */;
			buildSettings = {
				ASSETCATALOG_COMPILER_APPICON_NAME = AppIcon;
				DEVELOPMENT_TEAM = "";
				FRAMEWORK_SEARCH_PATHS = (
					"$(inherited)",
					"$(PROJECT_DIR)",
				);
				INFOPLIST_FILE = RestaurantDemo/Info.plist;
				LD_RUNPATH_SEARCH_PATHS = "$(inherited) @executable_path/Frameworks";
				PRODUCT_BUNDLE_IDENTIFIER = Marvel.RestaurantDemo;
				PRODUCT_NAME = "$(TARGET_NAME)";
				SWIFT_VERSION = 3.0;
			};
			name = Release;
		};
		46FD3C0E1E51A0D8007E29AC /* Debug */ = {
			isa = XCBuildConfiguration;
			baseConfigurationReference = 38B3249D307D388E08ECD322 /* Pods-RestaurantDemoTests.debug.xcconfig */;
			buildSettings = {
				ALWAYS_EMBED_SWIFT_STANDARD_LIBRARIES = YES;
				BUNDLE_LOADER = "$(TEST_HOST)";
				INFOPLIST_FILE = RestaurantDemoTests/Info.plist;
				LD_RUNPATH_SEARCH_PATHS = "$(inherited) @executable_path/Frameworks @loader_path/Frameworks";
				PRODUCT_BUNDLE_IDENTIFIER = Marvel.RestaurantDemoTests;
				PRODUCT_NAME = "$(TARGET_NAME)";
				SWIFT_VERSION = 3.0;
				TEST_HOST = "$(BUILT_PRODUCTS_DIR)/RestaurantDemo.app/RestaurantDemo";
			};
			name = Debug;
		};
		46FD3C0F1E51A0D8007E29AC /* Release */ = {
			isa = XCBuildConfiguration;
			baseConfigurationReference = 0F3608CAA8C0A5EA1CF5FBAA /* Pods-RestaurantDemoTests.release.xcconfig */;
			buildSettings = {
				ALWAYS_EMBED_SWIFT_STANDARD_LIBRARIES = YES;
				BUNDLE_LOADER = "$(TEST_HOST)";
				INFOPLIST_FILE = RestaurantDemoTests/Info.plist;
				LD_RUNPATH_SEARCH_PATHS = "$(inherited) @executable_path/Frameworks @loader_path/Frameworks";
				PRODUCT_BUNDLE_IDENTIFIER = Marvel.RestaurantDemoTests;
				PRODUCT_NAME = "$(TARGET_NAME)";
				SWIFT_VERSION = 3.0;
				TEST_HOST = "$(BUILT_PRODUCTS_DIR)/RestaurantDemo.app/RestaurantDemo";
			};
			name = Release;
		};
		46FD3C111E51A0D8007E29AC /* Debug */ = {
			isa = XCBuildConfiguration;
			baseConfigurationReference = FD6D8616C2A5D41CDE9D8B43 /* Pods-RestaurantDemoUITests.debug.xcconfig */;
			buildSettings = {
				ALWAYS_EMBED_SWIFT_STANDARD_LIBRARIES = YES;
				INFOPLIST_FILE = RestaurantDemoUITests/Info.plist;
				LD_RUNPATH_SEARCH_PATHS = "$(inherited) @executable_path/Frameworks @loader_path/Frameworks";
				PRODUCT_BUNDLE_IDENTIFIER = Marvel.RestaurantDemoUITests;
				PRODUCT_NAME = "$(TARGET_NAME)";
				SWIFT_VERSION = 3.0;
				TEST_TARGET_NAME = RestaurantDemo;
			};
			name = Debug;
		};
		46FD3C121E51A0D8007E29AC /* Release */ = {
			isa = XCBuildConfiguration;
			baseConfigurationReference = D3A89EB87E0A0B6ABB85696D /* Pods-RestaurantDemoUITests.release.xcconfig */;
			buildSettings = {
				ALWAYS_EMBED_SWIFT_STANDARD_LIBRARIES = YES;
				INFOPLIST_FILE = RestaurantDemoUITests/Info.plist;
				LD_RUNPATH_SEARCH_PATHS = "$(inherited) @executable_path/Frameworks @loader_path/Frameworks";
				PRODUCT_BUNDLE_IDENTIFIER = Marvel.RestaurantDemoUITests;
				PRODUCT_NAME = "$(TARGET_NAME)";
				SWIFT_VERSION = 3.0;
				TEST_TARGET_NAME = RestaurantDemo;
			};
			name = Release;
		};
/* End XCBuildConfiguration section */

/* Begin XCConfigurationList section */
		46FD3BDA1E51A0D7007E29AC /* Build configuration list for PBXProject "RestaurantDemo" */ = {
			isa = XCConfigurationList;
			buildConfigurations = (
				46FD3C081E51A0D7007E29AC /* Debug */,
				46FD3C091E51A0D7007E29AC /* Release */,
			);
			defaultConfigurationIsVisible = 0;
			defaultConfigurationName = Release;
		};
		46FD3C0A1E51A0D8007E29AC /* Build configuration list for PBXNativeTarget "RestaurantDemo" */ = {
			isa = XCConfigurationList;
			buildConfigurations = (
				46FD3C0B1E51A0D8007E29AC /* Debug */,
				46FD3C0C1E51A0D8007E29AC /* Release */,
			);
			defaultConfigurationIsVisible = 0;
			defaultConfigurationName = Release;
		};
		46FD3C0D1E51A0D8007E29AC /* Build configuration list for PBXNativeTarget "RestaurantDemoTests" */ = {
			isa = XCConfigurationList;
			buildConfigurations = (
				46FD3C0E1E51A0D8007E29AC /* Debug */,
				46FD3C0F1E51A0D8007E29AC /* Release */,
			);
			defaultConfigurationIsVisible = 0;
			defaultConfigurationName = Release;
		};
		46FD3C101E51A0D8007E29AC /* Build configuration list for PBXNativeTarget "RestaurantDemoUITests" */ = {
			isa = XCConfigurationList;
			buildConfigurations = (
				46FD3C111E51A0D8007E29AC /* Debug */,
				46FD3C121E51A0D8007E29AC /* Release */,
			);
			defaultConfigurationIsVisible = 0;
			defaultConfigurationName = Release;
		};
/* End XCConfigurationList section */

/* Begin XCVersionGroup section */
		46FD3BE91E51A0D7007E29AC /* RestaurantDemo.xcdatamodeld */ = {
			isa = XCVersionGroup;
			children = (
				46FD3BEA1E51A0D7007E29AC /* RestaurantDemo.xcdatamodel */,
			);
			currentVersion = 46FD3BEA1E51A0D7007E29AC /* RestaurantDemo.xcdatamodel */;
			path = RestaurantDemo.xcdatamodeld;
			sourceTree = "<group>";
			versionGroupType = wrapper.xcdatamodel;
		};
/* End XCVersionGroup section */
	};
	rootObject = 46FD3BD71E51A0D7007E29AC /* Project object */;
}
